// !$*UTF8*$!
{
	archiveVersion = 1;
	classes = {
	};
	objectVersion = 56;
	objects = {

/* Begin PBXBuildFile section */
		CEEEFE142BA0673500D443D1 /* AppDelegate.swift in Sources */ = {isa = PBXBuildFile; fileRef = CEEEFE132BA0673500D443D1 /* AppDelegate.swift */; };
		CEEEFE162BA0673500D443D1 /* SceneDelegate.swift in Sources */ = {isa = PBXBuildFile; fileRef = CEEEFE152BA0673500D443D1 /* SceneDelegate.swift */; };
		CEEEFE1B2BA0673500D443D1 /* Main.storyboard in Resources */ = {isa = PBXBuildFile; fileRef = CEEEFE192BA0673500D443D1 /* Main.storyboard */; };
		CEEEFE1D2BA0673600D443D1 /* Assets.xcassets in Resources */ = {isa = PBXBuildFile; fileRef = CEEEFE1C2BA0673600D443D1 /* Assets.xcassets */; };
		CEEEFE202BA0673600D443D1 /* LaunchScreen.storyboard in Resources */ = {isa = PBXBuildFile; fileRef = CEEEFE1E2BA0673600D443D1 /* LaunchScreen.storyboard */; };
		CEEEFE302BA06C4F00D443D1 /* ProfileViewController.swift in Sources */ = {isa = PBXBuildFile; fileRef = CEEEFE2F2BA06C4F00D443D1 /* ProfileViewController.swift */; };
		CEEEFE322BA077C100D443D1 /* UserModel.swift in Sources */ = {isa = PBXBuildFile; fileRef = CEEEFE312BA077C100D443D1 /* UserModel.swift */; };
		CEEEFE342BA077DA00D443D1 /* AdminModel.swift in Sources */ = {isa = PBXBuildFile; fileRef = CEEEFE332BA077DA00D443D1 /* AdminModel.swift */; };
		CEEEFE392BA0793500D443D1 /* DataProviderService.swift in Sources */ = {isa = PBXBuildFile; fileRef = CEEEFE382BA0793500D443D1 /* DataProviderService.swift */; };
/* End PBXBuildFile section */

/* Begin PBXFileReference section */
		CEEEFE102BA0673500D443D1 /* Less7HW.app */ = {isa = PBXFileReference; explicitFileType = wrapper.application; includeInIndex = 0; path = Less7HW.app; sourceTree = BUILT_PRODUCTS_DIR; };
		CEEEFE132BA0673500D443D1 /* AppDelegate.swift */ = {isa = PBXFileReference; lastKnownFileType = sourcecode.swift; path = AppDelegate.swift; sourceTree = "<group>"; };
		CEEEFE152BA0673500D443D1 /* SceneDelegate.swift */ = {isa = PBXFileReference; lastKnownFileType = sourcecode.swift; path = SceneDelegate.swift; sourceTree = "<group>"; };
		CEEEFE1A2BA0673500D443D1 /* Base */ = {isa = PBXFileReference; lastKnownFileType = file.storyboard; name = Base; path = Base.lproj/Main.storyboard; sourceTree = "<group>"; };
		CEEEFE1C2BA0673600D443D1 /* Assets.xcassets */ = {isa = PBXFileReference; lastKnownFileType = folder.assetcatalog; path = Assets.xcassets; sourceTree = "<group>"; };
		CEEEFE1F2BA0673600D443D1 /* Base */ = {isa = PBXFileReference; lastKnownFileType = file.storyboard; name = Base; path = Base.lproj/LaunchScreen.storyboard; sourceTree = "<group>"; };
		CEEEFE212BA0673600D443D1 /* Info.plist */ = {isa = PBXFileReference; lastKnownFileType = text.plist.xml; path = Info.plist; sourceTree = "<group>"; };
		CEEEFE2F2BA06C4F00D443D1 /* ProfileViewController.swift */ = {isa = PBXFileReference; lastKnownFileType = sourcecode.swift; path = ProfileViewController.swift; sourceTree = "<group>"; };
		CEEEFE312BA077C100D443D1 /* UserModel.swift */ = {isa = PBXFileReference; lastKnownFileType = sourcecode.swift; path = UserModel.swift; sourceTree = "<group>"; };
		CEEEFE332BA077DA00D443D1 /* AdminModel.swift */ = {isa = PBXFileReference; lastKnownFileType = sourcecode.swift; path = AdminModel.swift; sourceTree = "<group>"; };
		CEEEFE382BA0793500D443D1 /* DataProviderService.swift */ = {isa = PBXFileReference; lastKnownFileType = sourcecode.swift; path = DataProviderService.swift; sourceTree = "<group>"; };
/* End PBXFileReference section */

/* Begin PBXFrameworksBuildPhase section */
		CEEEFE0D2BA0673500D443D1 /* Frameworks */ = {
			isa = PBXFrameworksBuildPhase;
			buildActionMask = 2147483647;
			files = (
			);
			runOnlyForDeploymentPostprocessing = 0;
		};
/* End PBXFrameworksBuildPhase section */

/* Begin PBXGroup section */
		CEEEFE072BA0673500D443D1 = {
			isa = PBXGroup;
			children = (
				CEEEFE122BA0673500D443D1 /* Less7HW */,
				CEEEFE112BA0673500D443D1 /* Products */,
			);
			sourceTree = "<group>";
		};
		CEEEFE112BA0673500D443D1 /* Products */ = {
			isa = PBXGroup;
			children = (
				CEEEFE102BA0673500D443D1 /* Less7HW.app */,
			);
			name = Products;
			sourceTree = "<group>";
		};
		CEEEFE122BA0673500D443D1 /* Less7HW */ = {
			isa = PBXGroup;
			children = (
				CEEEFE272BA068B700D443D1 /* Source */,
				CEEEFE282BA068C000D443D1 /* Resource */,
			);
			path = Less7HW;
			sourceTree = "<group>";
		};
		CEEEFE272BA068B700D443D1 /* Source */ = {
			isa = PBXGroup;
			children = (
				CEEEFE292BA068CE00D443D1 /* AppDelegate */,
				CEEEFE372BA0792200D443D1 /* Services */,
				CEEEFE2A2BA068DF00D443D1 /* Screens */,
				CEEEFE2E2BA06C2300D443D1 /* Models */,
			);
			path = Source;
			sourceTree = "<group>";
		};
		CEEEFE282BA068C000D443D1 /* Resource */ = {
			isa = PBXGroup;
			children = (
				CEEEFE2D2BA0690A00D443D1 /* Plist */,
				CEEEFE2C2BA068FF00D443D1 /* Asset */,
				CEEEFE2B2BA068F200D443D1 /* Storyboard */,
			);
			path = Resource;
			sourceTree = "<group>";
		};
		CEEEFE292BA068CE00D443D1 /* AppDelegate */ = {
			isa = PBXGroup;
			children = (
				CEEEFE132BA0673500D443D1 /* AppDelegate.swift */,
				CEEEFE152BA0673500D443D1 /* SceneDelegate.swift */,
			);
			path = AppDelegate;
			sourceTree = "<group>";
		};
		CEEEFE2A2BA068DF00D443D1 /* Screens */ = {
			isa = PBXGroup;
			children = (
				CEEEFE2F2BA06C4F00D443D1 /* ProfileViewController.swift */,
			);
			path = Screens;
			sourceTree = "<group>";
		};
		CEEEFE2B2BA068F200D443D1 /* Storyboard */ = {
			isa = PBXGroup;
			children = (
				CEEEFE192BA0673500D443D1 /* Main.storyboard */,
				CEEEFE1E2BA0673600D443D1 /* LaunchScreen.storyboard */,
			);
			path = Storyboard;
			sourceTree = "<group>";
		};
		CEEEFE2C2BA068FF00D443D1 /* Asset */ = {
			isa = PBXGroup;
			children = (
				CEEEFE1C2BA0673600D443D1 /* Assets.xcassets */,
			);
			path = Asset;
			sourceTree = "<group>";
		};
		CEEEFE2D2BA0690A00D443D1 /* Plist */ = {
			isa = PBXGroup;
			children = (
				CEEEFE212BA0673600D443D1 /* Info.plist */,
			);
			path = Plist;
			sourceTree = "<group>";
		};
		CEEEFE2E2BA06C2300D443D1 /* Models */ = {
			isa = PBXGroup;
			children = (
				CEEEFE312BA077C100D443D1 /* UserModel.swift */,
				CEEEFE332BA077DA00D443D1 /* AdminModel.swift */,
			);
			path = Models;
			sourceTree = "<group>";
		};
		CEEEFE372BA0792200D443D1 /* Services */ = {
			isa = PBXGroup;
			children = (
				CEEEFE382BA0793500D443D1 /* DataProviderService.swift */,
			);
			path = Services;
			sourceTree = "<group>";
		};
/* End PBXGroup section */

/* Begin PBXNativeTarget section */
		CEEEFE0F2BA0673500D443D1 /* Less7HW */ = {
			isa = PBXNativeTarget;
			buildConfigurationList = CEEEFE242BA0673600D443D1 /* Build configuration list for PBXNativeTarget "Less7HW" */;
			buildPhases = (
				CEEEFE0C2BA0673500D443D1 /* Sources */,
				CEEEFE0D2BA0673500D443D1 /* Frameworks */,
				CEEEFE0E2BA0673500D443D1 /* Resources */,
			);
			buildRules = (
			);
			dependencies = (
			);
			name = Less7HW;
			productName = Less7HW;
			productReference = CEEEFE102BA0673500D443D1 /* Less7HW.app */;
			productType = "com.apple.product-type.application";
		};
/* End PBXNativeTarget section */

/* Begin PBXProject section */
		CEEEFE082BA0673500D443D1 /* Project object */ = {
			isa = PBXProject;
			attributes = {
				BuildIndependentTargetsInParallel = 1;
				LastSwiftUpdateCheck = 1500;
				LastUpgradeCheck = 1500;
				TargetAttributes = {
					CEEEFE0F2BA0673500D443D1 = {
						CreatedOnToolsVersion = 15.0;
					};
				};
			};
			buildConfigurationList = CEEEFE0B2BA0673500D443D1 /* Build configuration list for PBXProject "Less7HW" */;
			compatibilityVersion = "Xcode 14.0";
			developmentRegion = en;
			hasScannedForEncodings = 0;
			knownRegions = (
				en,
				Base,
			);
			mainGroup = CEEEFE072BA0673500D443D1;
			productRefGroup = CEEEFE112BA0673500D443D1 /* Products */;
			projectDirPath = "";
			projectRoot = "";
			targets = (
				CEEEFE0F2BA0673500D443D1 /* Less7HW */,
			);
		};
/* End PBXProject section */

/* Begin PBXResourcesBuildPhase section */
		CEEEFE0E2BA0673500D443D1 /* Resources */ = {
			isa = PBXResourcesBuildPhase;
			buildActionMask = 2147483647;
			files = (
				CEEEFE202BA0673600D443D1 /* LaunchScreen.storyboard in Resources */,
				CEEEFE1D2BA0673600D443D1 /* Assets.xcassets in Resources */,
				CEEEFE1B2BA0673500D443D1 /* Main.storyboard in Resources */,
			);
			runOnlyForDeploymentPostprocessing = 0;
		};
/* End PBXResourcesBuildPhase section */

/* Begin PBXSourcesBuildPhase section */
		CEEEFE0C2BA0673500D443D1 /* Sources */ = {
			isa = PBXSourcesBuildPhase;
			buildActionMask = 2147483647;
			files = (
				CEEEFE392BA0793500D443D1 /* DataProviderService.swift in Sources */,
				CEEEFE142BA0673500D443D1 /* AppDelegate.swift in Sources */,
				CEEEFE302BA06C4F00D443D1 /* ProfileViewController.swift in Sources */,
				CEEEFE322BA077C100D443D1 /* UserModel.swift in Sources */,
				CEEEFE342BA077DA00D443D1 /* AdminModel.swift in Sources */,
				CEEEFE162BA0673500D443D1 /* SceneDelegate.swift in Sources */,
			);
			runOnlyForDeploymentPostprocessing = 0;
		};
/* End PBXSourcesBuildPhase section */

/* Begin PBXVariantGroup section */
		CEEEFE192BA0673500D443D1 /* Main.storyboard */ = {
			isa = PBXVariantGroup;
			children = (
				CEEEFE1A2BA0673500D443D1 /* Base */,
			);
			name = Main.storyboard;
			sourceTree = "<group>";
		};
		CEEEFE1E2BA0673600D443D1 /* LaunchScreen.storyboard */ = {
			isa = PBXVariantGroup;
			children = (
				CEEEFE1F2BA0673600D443D1 /* Base */,
			);
			name = LaunchScreen.storyboard;
			sourceTree = "<group>";
		};
/* End PBXVariantGroup section */

/* Begin XCBuildConfiguration section */
		CEEEFE222BA0673600D443D1 /* Debug */ = {
			isa = XCBuildConfiguration;
			buildSettings = {
				ALWAYS_SEARCH_USER_PATHS = NO;
				ASSETCATALOG_COMPILER_GENERATE_SWIFT_ASSET_SYMBOL_EXTENSIONS = YES;
				CLANG_ANALYZER_NONNULL = YES;
				CLANG_ANALYZER_NUMBER_OBJECT_CONVERSION = YES_AGGRESSIVE;
				CLANG_CXX_LANGUAGE_STANDARD = "gnu++20";
				CLANG_ENABLE_MODULES = YES;
				CLANG_ENABLE_OBJC_ARC = YES;
				CLANG_ENABLE_OBJC_WEAK = YES;
				CLANG_WARN_BLOCK_CAPTURE_AUTORELEASING = YES;
				CLANG_WARN_BOOL_CONVERSION = YES;
				CLANG_WARN_COMMA = YES;
				CLANG_WARN_CONSTANT_CONVERSION = YES;
				CLANG_WARN_DEPRECATED_OBJC_IMPLEMENTATIONS = YES;
				CLANG_WARN_DIRECT_OBJC_ISA_USAGE = YES_ERROR;
				CLANG_WARN_DOCUMENTATION_COMMENTS = YES;
				CLANG_WARN_EMPTY_BODY = YES;
				CLANG_WARN_ENUM_CONVERSION = YES;
				CLANG_WARN_INFINITE_RECURSION = YES;
				CLANG_WARN_INT_CONVERSION = YES;
				CLANG_WARN_NON_LITERAL_NULL_CONVERSION = YES;
				CLANG_WARN_OBJC_IMPLICIT_RETAIN_SELF = YES;
				CLANG_WARN_OBJC_LITERAL_CONVERSION = YES;
				CLANG_WARN_OBJC_ROOT_CLASS = YES_ERROR;
				CLANG_WARN_QUOTED_INCLUDE_IN_FRAMEWORK_HEADER = YES;
				CLANG_WARN_RANGE_LOOP_ANALYSIS = YES;
				CLANG_WARN_STRICT_PROTOTYPES = YES;
				CLANG_WARN_SUSPICIOUS_MOVE = YES;
				CLANG_WARN_UNGUARDED_AVAILABILITY = YES_AGGRESSIVE;
				CLANG_WARN_UNREACHABLE_CODE = YES;
				CLANG_WARN__DUPLICATE_METHOD_MATCH = YES;
				COPY_PHASE_STRIP = NO;
				DEBUG_INFORMATION_FORMAT = dwarf;
				ENABLE_STRICT_OBJC_MSGSEND = YES;
				ENABLE_TESTABILITY = YES;
				ENABLE_USER_SCRIPT_SANDBOXING = YES;
				GCC_C_LANGUAGE_STANDARD = gnu17;
				GCC_DYNAMIC_NO_PIC = NO;
				GCC_NO_COMMON_BLOCKS = YES;
				GCC_OPTIMIZATION_LEVEL = 0;
				GCC_PREPROCESSOR_DEFINITIONS = (
					"DEBUG=1",
					"$(inherited)",
				);
				GCC_WARN_64_TO_32_BIT_CONVERSION = YES;
				GCC_WARN_ABOUT_RETURN_TYPE = YES_ERROR;
				GCC_WARN_UNDECLARED_SELECTOR = YES;
				GCC_WARN_UNINITIALIZED_AUTOS = YES_AGGRESSIVE;
				GCC_WARN_UNUSED_FUNCTION = YES;
				GCC_WARN_UNUSED_VARIABLE = YES;
				IPHONEOS_DEPLOYMENT_TARGET = 15.0;
				LOCALIZATION_PREFERS_STRING_CATALOGS = YES;
				MTL_ENABLE_DEBUG_INFO = INCLUDE_SOURCE;
				MTL_FAST_MATH = YES;
				ONLY_ACTIVE_ARCH = YES;
				SDKROOT = iphoneos;
				SWIFT_ACTIVE_COMPILATION_CONDITIONS = "DEBUG $(inherited)";
				SWIFT_OPTIMIZATION_LEVEL = "-Onone";
			};
			name = Debug;
		};
		CEEEFE232BA0673600D443D1 /* Release */ = {
			isa = XCBuildConfiguration;
			buildSettings = {
				ALWAYS_SEARCH_USER_PATHS = NO;
				ASSETCATALOG_COMPILER_GENERATE_SWIFT_ASSET_SYMBOL_EXTENSIONS = YES;
				CLANG_ANALYZER_NONNULL = YES;
				CLANG_ANALYZER_NUMBER_OBJECT_CONVERSION = YES_AGGRESSIVE;
				CLANG_CXX_LANGUAGE_STANDARD = "gnu++20";
				CLANG_ENABLE_MODULES = YES;
				CLANG_ENABLE_OBJC_ARC = YES;
				CLANG_ENABLE_OBJC_WEAK = YES;
				CLANG_WARN_BLOCK_CAPTURE_AUTORELEASING = YES;
				CLANG_WARN_BOOL_CONVERSION = YES;
				CLANG_WARN_COMMA = YES;
				CLANG_WARN_CONSTANT_CONVERSION = YES;
				CLANG_WARN_DEPRECATED_OBJC_IMPLEMENTATIONS = YES;
				CLANG_WARN_DIRECT_OBJC_ISA_USAGE = YES_ERROR;
				CLANG_WARN_DOCUMENTATION_COMMENTS = YES;
				CLANG_WARN_EMPTY_BODY = YES;
				CLANG_WARN_ENUM_CONVERSION = YES;
				CLANG_WARN_INFINITE_RECURSION = YES;
				CLANG_WARN_INT_CONVERSION = YES;
				CLANG_WARN_NON_LITERAL_NULL_CONVERSION = YES;
				CLANG_WARN_OBJC_IMPLICIT_RETAIN_SELF = YES;
				CLANG_WARN_OBJC_LITERAL_CONVERSION = YES;
				CLANG_WARN_OBJC_ROOT_CLASS = YES_ERROR;
				CLANG_WARN_QUOTED_INCLUDE_IN_FRAMEWORK_HEADER = YES;
				CLANG_WARN_RANGE_LOOP_ANALYSIS = YES;
				CLANG_WARN_STRICT_PROTOTYPES = YES;
				CLANG_WARN_SUSPICIOUS_MOVE = YES;
				CLANG_WARN_UNGUARDED_AVAILABILITY = YES_AGGRESSIVE;
				CLANG_WARN_UNREACHABLE_CODE = YES;
				CLANG_WARN__DUPLICATE_METHOD_MATCH = YES;
				COPY_PHASE_STRIP = NO;
				DEBUG_INFORMATION_FORMAT = "dwarf-with-dsym";
				ENABLE_NS_ASSERTIONS = NO;
				ENABLE_STRICT_OBJC_MSGSEND = YES;
				ENABLE_USER_SCRIPT_SANDBOXING = YES;
				GCC_C_LANGUAGE_STANDARD = gnu17;
				GCC_NO_COMMON_BLOCKS = YES;
				GCC_WARN_64_TO_32_BIT_CONVERSION = YES;
				GCC_WARN_ABOUT_RETURN_TYPE = YES_ERROR;
				GCC_WARN_UNDECLARED_SELECTOR = YES;
				GCC_WARN_UNINITIALIZED_AUTOS = YES_AGGRESSIVE;
				GCC_WARN_UNUSED_FUNCTION = YES;
				GCC_WARN_UNUSED_VARIABLE = YES;
				IPHONEOS_DEPLOYMENT_TARGET = 15.0;
				LOCALIZATION_PREFERS_STRING_CATALOGS = YES;
				MTL_ENABLE_DEBUG_INFO = NO;
				MTL_FAST_MATH = YES;
				SDKROOT = iphoneos;
				SWIFT_COMPILATION_MODE = wholemodule;
				VALIDATE_PRODUCT = YES;
			};
			name = Release;
		};
		CEEEFE252BA0673600D443D1 /* Debug */ = {
			isa = XCBuildConfiguration;
			buildSettings = {
				ASSETCATALOG_COMPILER_APPICON_NAME = AppIcon;
				ASSETCATALOG_COMPILER_GLOBAL_ACCENT_COLOR_NAME = AccentColor;
				CODE_SIGN_STYLE = Automatic;
				CURRENT_PROJECT_VERSION = 1;
				DEVELOPMENT_TEAM = 73R9GZLZRC;
				GENERATE_INFOPLIST_FILE = YES;
				INFOPLIST_FILE = Less7HW/Resource/Plist/Info.plist;
				INFOPLIST_KEY_UIApplicationSupportsIndirectInputEvents = YES;
				INFOPLIST_KEY_UILaunchStoryboardName = LaunchScreen;
				INFOPLIST_KEY_UIMainStoryboardFile = Main;
				INFOPLIST_KEY_UISupportedInterfaceOrientations = UIInterfaceOrientationPortrait;
				INFOPLIST_KEY_UISupportedInterfaceOrientations_iPad = "UIInterfaceOrientationLandscapeLeft UIInterfaceOrientationLandscapeRight UIInterfaceOrientationPortrait UIInterfaceOrientationPortraitUpsideDown";
				IPHONEOS_DEPLOYMENT_TARGET = 15.0;
				LD_RUNPATH_SEARCH_PATHS = (
					"$(inherited)",
					"@executable_path/Frameworks",
				);
				MARKETING_VERSION = 1.0;
				PRODUCT_BUNDLE_IDENTIFIER = "Vint-Rock.Less7HW";
				PRODUCT_NAME = "$(TARGET_NAME)";
				SUPPORTED_PLATFORMS = "iphoneos iphonesimulator";
				SUPPORTS_MACCATALYST = NO;
				SUPPORTS_MAC_DESIGNED_FOR_IPHONE_IPAD = NO;
				SWIFT_EMIT_LOC_STRINGS = YES;
				SWIFT_VERSION = 5.0;
				TARGETED_DEVICE_FAMILY = 1;
			};
			name = Debug;
		};
		CEEEFE262BA0673600D443D1 /* Release */ = {
			isa = XCBuildConfiguration;
			buildSettings = {
				ASSETCATALOG_COMPILER_APPICON_NAME = AppIcon;
				ASSETCATALOG_COMPILER_GLOBAL_ACCENT_COLOR_NAME = AccentColor;
				CODE_SIGN_STYLE = Automatic;
				CURRENT_PROJECT_VERSION = 1;
				DEVELOPMENT_TEAM = 73R9GZLZRC;
				GENERATE_INFOPLIST_FILE = YES;
				INFOPLIST_FILE = Less7HW/Resource/Plist/Info.plist;
				INFOPLIST_KEY_UIApplicationSupportsIndirectInputEvents = YES;
				INFOPLIST_KEY_UILaunchStoryboardName = LaunchScreen;
				INFOPLIST_KEY_UIMainStoryboardFile = Main;
				INFOPLIST_KEY_UISupportedInterfaceOrientations = UIInterfaceOrientationPortrait;
				INFOPLIST_KEY_UISupportedInterfaceOrientations_iPad = "UIInterfaceOrientationLandscapeLeft UIInterfaceOrientationLandscapeRight UIInterfaceOrientationPortrait UIInterfaceOrientationPortraitUpsideDown";
				IPHONEOS_DEPLOYMENT_TARGET = 15.0;
				LD_RUNPATH_SEARCH_PATHS = (
					"$(inherited)",
					"@executable_path/Frameworks",
				);
				MARKETING_VERSION = 1.0;
				PRODUCT_BUNDLE_IDENTIFIER = "Vint-Rock.Less7HW";
				PRODUCT_NAME = "$(TARGET_NAME)";
				SUPPORTED_PLATFORMS = "iphoneos iphonesimulator";
				SUPPORTS_MACCATALYST = NO;
				SUPPORTS_MAC_DESIGNED_FOR_IPHONE_IPAD = NO;
				SWIFT_EMIT_LOC_STRINGS = YES;
				SWIFT_VERSION = 5.0;
				TARGETED_DEVICE_FAMILY = 1;
			};
			name = Release;
		};
/* End XCBuildConfiguration section */

/* Begin XCConfigurationList section */
		CEEEFE0B2BA0673500D443D1 /* Build configuration list for PBXProject "Less7HW" */ = {
			isa = XCConfigurationList;
			buildConfigurations = (
				CEEEFE222BA0673600D443D1 /* Debug */,
				CEEEFE232BA0673600D443D1 /* Release */,
			);
			defaultConfigurationIsVisible = 0;
			defaultConfigurationName = Release;
		};
		CEEEFE242BA0673600D443D1 /* Build configuration list for PBXNativeTarget "Less7HW" */ = {
			isa = XCConfigurationList;
			buildConfigurations = (
				CEEEFE252BA0673600D443D1 /* Debug */,
				CEEEFE262BA0673600D443D1 /* Release */,
			);
			defaultConfigurationIsVisible = 0;
			defaultConfigurationName = Release;
		};
/* End XCConfigurationList section */
	};
	rootObject = CEEEFE082BA0673500D443D1 /* Project object */;
}
